{
  "name": "sentry-zaraz-consent-integration",
  "version": "1.0.0",
  "lockfileVersion": 3,
  "requires": true,
  "packages": {
    "": {
      "name": "sentry-zaraz-consent-integration",
      "version": "1.0.0",
      "license": "MIT",
      "dependencies": {
        "@sentry/react": "^8.29.0",
        "@sentry/types": "^8.29.0",
        "fake-cloudflare-zaraz-consent": "^1.2.2",
        "sentry": "^0.1.2",
        "zaraz-ts": "^1.2.0"
      },
      "devDependencies": {
        "@types/node": "^24.3.0",
        "typescript": "^5.9.2"
      }
    },
    "node_modules/@sentry-internal/browser-utils": {
      "version": "8.55.0",
      "resolved": "https://registry.npmjs.org/@sentry-internal/browser-utils/-/browser-utils-8.55.0.tgz",
      "integrity": "sha512-ROgqtQfpH/82AQIpESPqPQe0UyWywKJsmVIqi3c5Fh+zkds5LUxnssTj3yNd1x+kxaPDVB023jAP+3ibNgeNDw==",
      "license": "MIT",
      "dependencies": {
        "@sentry/core": "8.55.0"
      },
      "engines": {
        "node": ">=14.18"
      }
    },
    "node_modules/@sentry-internal/feedback": {
      "version": "8.55.0",
      "resolved": "https://registry.npmjs.org/@sentry-internal/feedback/-/feedback-8.55.0.tgz",
      "integrity": "sha512-cP3BD/Q6pquVQ+YL+rwCnorKuTXiS9KXW8HNKu4nmmBAyf7urjs+F6Hr1k9MXP5yQ8W3yK7jRWd09Yu6DHWOiw==",
      "license": "MIT",
      "dependencies": {
        "@sentry/core": "8.55.0"
      },
      "engines": {
        "node": ">=14.18"
      }
    },
    "node_modules/@sentry-internal/replay": {
      "version": "8.55.0",
      "resolved": "https://registry.npmjs.org/@sentry-internal/replay/-/replay-8.55.0.tgz",
      "integrity": "sha512-roCDEGkORwolxBn8xAKedybY+Jlefq3xYmgN2fr3BTnsXjSYOPC7D1/mYqINBat99nDtvgFvNfRcZPiwwZ1hSw==",
      "license": "MIT",
      "dependencies": {
        "@sentry-internal/browser-utils": "8.55.0",
        "@sentry/core": "8.55.0"
      },
      "engines": {
        "node": ">=14.18"
      }
    },
    "node_modules/@sentry-internal/replay-canvas": {
      "version": "8.55.0",
      "resolved": "https://registry.npmjs.org/@sentry-internal/replay-canvas/-/replay-canvas-8.55.0.tgz",
      "integrity": "sha512-nIkfgRWk1091zHdu4NbocQsxZF1rv1f7bbp3tTIlZYbrH62XVZosx5iHAuZG0Zc48AETLE7K4AX9VGjvQj8i9w==",
      "license": "MIT",
      "dependencies": {
        "@sentry-internal/replay": "8.55.0",
        "@sentry/core": "8.55.0"
      },
      "engines": {
        "node": ">=14.18"
      }
    },
    "node_modules/@sentry/browser": {
      "version": "8.55.0",
      "resolved": "https://registry.npmjs.org/@sentry/browser/-/browser-8.55.0.tgz",
      "integrity": "sha512-1A31mCEWCjaMxJt6qGUK+aDnLDcK6AwLAZnqpSchNysGni1pSn1RWSmk9TBF8qyTds5FH8B31H480uxMPUJ7Cw==",
      "license": "MIT",
      "dependencies": {
        "@sentry-internal/browser-utils": "8.55.0",
        "@sentry-internal/feedback": "8.55.0",
        "@sentry-internal/replay": "8.55.0",
        "@sentry-internal/replay-canvas": "8.55.0",
        "@sentry/core": "8.55.0"
      },
      "engines": {
        "node": ">=14.18"
      }
    },
    "node_modules/@sentry/core": {
      "version": "8.55.0",
      "resolved": "https://registry.npmjs.org/@sentry/core/-/core-8.55.0.tgz",
      "integrity": "sha512-6g7jpbefjHYs821Z+EBJ8r4Z7LT5h80YSWRJaylGS4nW5W5Z2KXzpdnyFarv37O7QjauzVC2E+PABmpkw5/JGA==",
      "license": "MIT",
      "engines": {
        "node": ">=14.18"
      }
    },
    "node_modules/@sentry/react": {
      "version": "8.55.0",
      "resolved": "https://registry.npmjs.org/@sentry/react/-/react-8.55.0.tgz",
      "integrity": "sha512-/qNBvFLpvSa/Rmia0jpKfJdy16d4YZaAnH/TuKLAtm0BWlsPQzbXCU4h8C5Hsst0Do0zG613MEtEmWpWrVOqWA==",
      "license": "MIT",
      "dependencies": {
        "@sentry/browser": "8.55.0",
        "@sentry/core": "8.55.0",
        "hoist-non-react-statics": "^3.3.2"
      },
      "engines": {
        "node": ">=14.18"
      },
      "peerDependencies": {
        "react": "^16.14.0 || 17.x || 18.x || 19.x"
      }
    },
    "node_modules/@sentry/types": {
      "version": "8.55.0",
      "resolved": "https://registry.npmjs.org/@sentry/types/-/types-8.55.0.tgz",
      "integrity": "sha512-6LRT0+r6NWQ+RtllrUW2yQfodST0cJnkOmdpHA75vONgBUhpKwiJ4H7AmgfoTET8w29pU6AnntaGOe0LJbOmog==",
      "license": "MIT",
      "dependencies": {
        "@sentry/core": "8.55.0"
      },
      "engines": {
        "node": ">=14.18"
      }
    },
    "node_modules/@types/node": {
      "version": "24.3.0",
      "resolved": "https://registry.npmjs.org/@types/node/-/node-24.3.0.tgz",
      "integrity": "sha512-aPTXCrfwnDLj4VvXrm+UUCQjNEvJgNA8s5F1cvwQU+3KNltTOkBm1j30uNLyqqPNe7gE3KFzImYoZEfLhp4Yow==",
      "dev": true,
      "license": "MIT",
      "dependencies": {
        "undici-types": "~7.10.0"
      }
    },
    "node_modules/coffee-script": {
      "version": "1.12.7",
      "resolved": "https://registry.npmjs.org/coffee-script/-/coffee-script-1.12.7.tgz",
      "integrity": "sha512-fLeEhqwymYat/MpTPUjSKHVYYl0ec2mOyALEMLmzr5i1isuG+6jfI2j2d5oBO3VIzgUXgBVIcOT9uH1TFxBckw==",
      "deprecated": "CoffeeScript on NPM has moved to \"coffeescript\" (no hyphen)",
      "license": "MIT",
      "bin": {
        "cake": "bin/cake",
        "coffee": "bin/coffee"
      },
      "engines": {
        "node": ">=0.8.0"
      }
    },
    "node_modules/fake-cloudflare-zaraz-consent": {
      "version": "1.2.2",
      "resolved": "https://registry.npmjs.org/fake-cloudflare-zaraz-consent/-/fake-cloudflare-zaraz-consent-1.2.2.tgz",
      "integrity": "sha512-44bnSPBG6FdG7wTvf7A7dbw/5z8pCAJ0zTl3B4kMzDPcqYditWf7kluNMsTYzILgTEVyixhRyC3zWoYK/Z47dg==",
      "license": "Apache-2.0",
      "dependencies": {
        "zaraz-ts": "^1.2.0"
      },
      "engines": {
        "node": ">=16.0.0"
      }
    },
    "node_modules/file": {
      "version": "0.2.2",
      "resolved": "https://registry.npmjs.org/file/-/file-0.2.2.tgz",
      "integrity": "sha512-gwabMtChzdnpDJdPEpz8Vr/PX0pU85KailuPV71Zw/un5yJVKvzukhB3qf6O3lnTwIe5CxlMYLh3jOK3w5xrLA==",
      "license": "MIT"
    },
    "node_modules/hoist-non-react-statics": {
      "version": "3.3.2",
      "resolved": "https://registry.npmjs.org/hoist-non-react-statics/-/hoist-non-react-statics-3.3.2.tgz",
      "integrity": "sha512-/gGivxi8JPKWNm/W0jSmzcMPpfpPLc3dY/6GxhX2hQ9iGj3aDfklV4ET7NjKpSinLpJ5vafa9iiGIEZg10SfBw==",
      "license": "BSD-3-Clause",
      "dependencies": {
        "react-is": "^16.7.0"
      }
    },
    "node_modules/react": {
      "version": "19.1.1",
      "resolved": "https://registry.npmjs.org/react/-/react-19.1.1.tgz",
      "integrity": "sha512-w8nqGImo45dmMIfljjMwOGtbmC/mk4CMYhWIicdSflH91J9TyCyczcPFXJzrZ/ZXcgGRFeP6BU0BEJTw6tZdfQ==",
      "license": "MIT",
      "peer": true,
      "engines": {
        "node": ">=0.10.0"
      }
    },
    "node_modules/react-is": {
      "version": "16.13.1",
      "resolved": "https://registry.npmjs.org/react-is/-/react-is-16.13.1.tgz",
      "integrity": "sha512-24e6ynE2H+OKt4kqsOvNd8kBpV65zoxbA4BVsEOB3ARVWQki/DHzaUoC5KuON/BiccDaCCTZBuOcfZs70kR8bQ==",
      "license": "MIT"
    },
    "node_modules/sentry": {
      "version": "0.1.2",
      "resolved": "https://registry.npmjs.org/sentry/-/sentry-0.1.2.tgz",
      "integrity": "sha512-WVMYvjMCqdMwfins7AkwBhCINvw0EfXj0Aeo/YUQYyD6VOhAQPDM7uxnPDBzd2N50NR8w+yb3irHxSbd9Wy9OQ==",
      "deprecated": "Package no longer supported. Contact Support at https://www.npmjs.com/support for more info.",
      "hasInstallScript": true,
      "dependencies": {
        "coffee-script": "*",
        "file": "*",
        "underscore": "*"
      },
      "engines": {
        "node": "*"
      }
    },
    "node_modules/typescript": {
      "version": "5.9.2",
      "resolved": "https://registry.npmjs.org/typescript/-/typescript-5.9.2.tgz",
      "integrity": "sha512-CWBzXQrc/qOkhidw1OzBTQuYRbfyxDXJMVJ1XNwUHGROVmuaeiEm3OslpZ1RV96d7SKKjZKrSJu3+t/xlw3R9A==",
      "dev": true,
      "license": "Apache-2.0",
      "bin": {
        "tsc": "bin/tsc",
        "tsserver": "bin/tsserver"
      },
      "engines": {
        "node": ">=14.17"
      }
    },
    "node_modules/underscore": {
      "version": "1.13.7",
      "resolved": "https://registry.npmjs.org/underscore/-/underscore-1.13.7.tgz",
      "integrity": "sha512-GMXzWtsc57XAtguZgaQViUOzs0KTkk8ojr3/xAxXLITqf/3EMwxC0inyETfDFjH/Krbhuep0HNbbjI9i/q3F3g==",
      "license": "MIT"
    },
    "node_modules/undici-types": {
      "version": "7.10.0",
      "resolved": "https://registry.npmjs.org/undici-types/-/undici-types-7.10.0.tgz",
      "integrity": "sha512-t5Fy/nfn+14LuOc2KNYg75vZqClpAiqscVvMygNnlsHBFpSXdJaYtXMcdNLpl/Qvc3P2cB3s6lOV51nqsFq4ag==",
      "dev": true,
      "license": "MIT"
    },
    "node_modules/zaraz-ts": {
      "version": "1.2.0",
      "resolved": "https://registry.npmjs.org/zaraz-ts/-/zaraz-ts-1.2.0.tgz",
      "integrity": "sha512-gdVnNIADRIWpdKZbzaDSo6FIxLiGudhOu9j4gl4TQF9FMGAOBMpfIq7NtSZ8j5wXB8C3Sn3hRY4NNylAGYM3nw==",
      "license": "MIT"
    }
  }
}
